{
  "lockfileVersion": 1,
  "configVersion": 1,
  "workspaces": {
    "": {
      "name": "mr-geopip",
      "dependencies": {
        "@maxmind/geoip2-node": "^7.0.0",
      },
      "devDependencies": {
        "@types/bun": "latest",
      },
      "peerDependencies": {
        "typescript": "^5",
      },
    },
  },
  "packages": {
    "@maxmind/geoip2-node": ["@maxmind/geoip2-node@7.0.0", "", { "dependencies": { "maxmind": "^5.0.0" } }, "sha512-TUuCUXP93+cCkHmSy42vLwKquMsr20vrhcDBqqEPrpfdFFw16sL6hcmEuAyHbs2S+IVgouqsF37wnCdtbi+i7A=="],

    "@types/bun": ["@types/bun@1.3.14", "", { "dependencies": { "bun-types": "1.3.14" } }, "sha512-h1hFqFVcvAvD9j9K7ZW7vd82aSA+rTdznZa+5bwvCwqSB1jmmfLcbIWhOLx1/+boy/xmjgCs/OMUL8hRJSmnPw=="],

    "@types/node": ["@types/node@26.1.0", "", { "dependencies": { "undici-types": "~8.3.0" } }, "sha512-O0A1G3xPGy4w7AgQdAQYUlQ+BKk2Oovw8eRpofyp5KdBZULnbe+WqaOVNrm705SHphCiG4XHsACrSmPu1f+Kgw=="],

    "bun-types": ["bun-types@1.3.14", "", { "dependencies": { "@types/node": "*" } }, "sha512-4N0ig0fEomHt5R0KCFWjovxow98rIoRwKolrYdCcknNwMekCXRnWEUvgu5soYV8QXtVsrUD8B95MBOZGPvr6KQ=="],

    "maxmind": ["maxmind@5.0.6", "", { "dependencies": { "mmdb-lib": "3.0.2", "tiny-lru": "13.0.0" } }, "sha512-5bvd/u+kIaTqaGM+xkXjatzQw1dQfSmlLggr2W1EKMyMxSgx2woZyusLpNpZ4DdPmL+1bbJWeo4LXsi6bC0Iew=="],

    "mmdb-lib": ["mmdb-lib@3.0.2", "", {}, "sha512-7e87vk0DdWT647wjcfEtWeMtjm+zVGqNohN/aeIymbUfjHQ2T4Sx5kM+1irVDBSloNC3CkGKxswdMoo8yhqTDg=="],

    "tiny-lru": ["tiny-lru@13.0.0", "", {}, "sha512-xDHxKKS1FdF0Tv2P+QT7IeSEg74K/8cEDzbv3Tv6UyHHUgBOjOiQiBp818MGj66dhurQus/IBcoAbwIKtSGc6Q=="],

    "typescript": ["typescript@5.9.3", "", { "bin": { "tsc": "bin/tsc", "tsserver": "bin/tsserver" } }, "sha512-jl1vZzPDinLr9eUt3J/t7V6FgNEw9QjvBPdysz9KfQDD41fQrC2Y4vKQdiaUpFT4bXlb1RHhLpp8wtm6M5TgSw=="],

    "undici-types": ["undici-types@8.3.0", "", {}, "sha512-j375ScV60dom+YkPFIfTLcOiPxkN/buHz5GobjLhixFuANaNs3C9l4GmrWqejgXWJ7BbJcFYpTEUkS1Ge8bpZQ=="],
  }
}
